{
  "name": "pulsardoc",
  "version": "1.0.0",
  "lockfileVersion": 2,
  "requires": true,
  "packages": {
    "": {
      "name": "pulsardoc",
      "version": "1.0.0",
      "license": "MIT",
      "dependencies": {
        "atomdoc": "github:pulsar-edit/atomdoc"
      }
    },
    "node_modules/atomdoc": {
      "version": "1.2.0",
      "resolved": "git+ssh://git@github.com/pulsar-edit/atomdoc.git#3e0725cdcedd340932ab75f9f146fc4148c5917c",
      "dependencies": {
        "marked": "^0.6.2"
      }
    },
    "node_modules/marked": {
      "version": "0.6.3",
      "resolved": "https://registry.npmjs.org/marked/-/marked-0.6.3.tgz",
      "integrity": "sha512-Fqa7eq+UaxfMriqzYLayfqAE40WN03jf+zHjT18/uXNuzjq3TY0XTbrAoPeqSJrAmPz11VuUA+kBPYOhHt9oOQ==",
      "bin": {
        "marked": "bin/marked"
      },
      "engines": {
        "node": ">=0.10.0"
      }
    }
  },
  "dependencies": {
    "atomdoc": {
      "version": "git+ssh://git@github.com/pulsar-edit/atomdoc.git#3e0725cdcedd340932ab75f9f146fc4148c5917c",
      "from": "atomdoc@github:pulsar-edit/atomdoc",
      "requires": {
        "marked": "^0.6.2"
      }
    },
    "marked": {
      "version": "0.6.3",
      "resolved": "https://registry.npmjs.org/marked/-/marked-0.6.3.tgz",
      "integrity": "sha512-Fqa7eq+UaxfMriqzYLayfqAE40WN03jf+zHjT18/uXNuzjq3TY0XTbrAoPeqSJrAmPz11VuUA+kBPYOhHt9oOQ=="
    }
  }
}
